
Microsoft Visual Studio Solution File, Format Version 12.00
# Visual Studio 2012
Project("{FAE04EC0-301F-11D3-BF4B-00C04F79EFBC}") = "DuelPortalCS", "DuelPortalCS\DuelPortalCS.csproj", "{745250E9-A3BF-4C74-BE81-2C54AA64C4AB}"
	ProjectSection(ProjectDependencies) = postProject
		{45A45057-E7E6-4B29-BF73-3C1B691A4052} = {45A45057-E7E6-4B29-BF73-3C1B691A4052}
	EndProjectSection
EndProject
Project("{FAE04EC0-301F-11D3-BF4B-00C04F79EFBC}") = "DuelPortalCS.Web", "DuelPortalCS.Web\DuelPortalCS.Web.csproj", "{45A45057-E7E6-4B29-BF73-3C1B691A4052}"
EndProject
Global
	GlobalSection(SolutionConfigurationPlatforms) = preSolution
		Debug|Any CPU = Debug|Any CPU
		Release|Any CPU = Release|Any CPU
	EndGlobalSection
	GlobalSection(ProjectConfigurationPlatforms) = postSolution
		{745250E9-A3BF-4C74-BE81-2C54AA64C4AB}.Debug|Any CPU.ActiveCfg = Debug|Any CPU
		{745250E9-A3BF-4C74-BE81-2C54AA64C4AB}.Debug|Any CPU.Build.0 = Debug|Any CPU
		{745250E9-A3BF-4C74-BE81-2C54AA64C4AB}.Release|Any CPU.ActiveCfg = Release|Any CPU
		{745250E9-A3BF-4C74-BE81-2C54AA64C4AB}.Release|Any CPU.Build.0 = Release|Any CPU
		{45A45057-E7E6-4B29-BF73-3C1B691A4052}.Debug|Any CPU.ActiveCfg = Debug|Any CPU
		{45A45057-E7E6-4B29-BF73-3C1B691A4052}.Debug|Any CPU.Build.0 = Debug|Any CPU
		{45A45057-E7E6-4B29-BF73-3C1B691A4052}.Release|Any CPU.ActiveCfg = Release|Any CPU
		{45A45057-E7E6-4B29-BF73-3C1B691A4052}.Release|Any CPU.Build.0 = Release|Any CPU
	EndGlobalSection
	GlobalSection(SolutionProperties) = preSolution
		HideSolutionNode = FALSE
	EndGlobalSection
EndGlobal
